// !$*UTF8*$!
{
	archiveVersion = 1;
	classes = {
	};
	objectVersion = 56;
	objects = {

/* Begin PBXBuildFile section */
		30B6BB242A21149400FE1F0F /* NetworkService.swift in Sources */ = {isa = PBXBuildFile; fileRef = 30B6BB232A21149400FE1F0F /* NetworkService.swift */; };
		30B6BB262A21164400FE1F0F /* Constants.swift in Sources */ = {isa = PBXBuildFile; fileRef = 30B6BB252A21164400FE1F0F /* Constants.swift */; };
		30B6BB282A2119D900FE1F0F /* CustomError.swift in Sources */ = {isa = PBXBuildFile; fileRef = 30B6BB272A2119D900FE1F0F /* CustomError.swift */; };
		30B6BB2A2A221E6100FE1F0F /* HeaderCell.swift in Sources */ = {isa = PBXBuildFile; fileRef = 30B6BB292A221E6100FE1F0F /* HeaderCell.swift */; };
		30B6BB322A22291700FE1F0F /* TopCornerRoundedUIView.swift in Sources */ = {isa = PBXBuildFile; fileRef = 30B6BB312A22291700FE1F0F /* TopCornerRoundedUIView.swift */; };
		30B6BB342A222F5700FE1F0F /* UIFont+extension.swift in Sources */ = {isa = PBXBuildFile; fileRef = 30B6BB332A222F5700FE1F0F /* UIFont+extension.swift */; };
		30B6BB362A2231E200FE1F0F /* UIColor+Extension.swift in Sources */ = {isa = PBXBuildFile; fileRef = 30B6BB352A2231E200FE1F0F /* UIColor+Extension.swift */; };
		30DF403F2A1F85FE00AF3A1C /* AppDelegate.swift in Sources */ = {isa = PBXBuildFile; fileRef = 30DF403E2A1F85FE00AF3A1C /* AppDelegate.swift */; };
		30DF40412A1F85FE00AF3A1C /* SceneDelegate.swift in Sources */ = {isa = PBXBuildFile; fileRef = 30DF40402A1F85FE00AF3A1C /* SceneDelegate.swift */; };
		30DF40432A1F85FE00AF3A1C /* ViewController.swift in Sources */ = {isa = PBXBuildFile; fileRef = 30DF40422A1F85FE00AF3A1C /* ViewController.swift */; };
		30DF40492A1F85FE00AF3A1C /* Questionnaire.xcdatamodeld in Sources */ = {isa = PBXBuildFile; fileRef = 30DF40472A1F85FE00AF3A1C /* Questionnaire.xcdatamodeld */; };
		30DF404B2A1F85FF00AF3A1C /* Assets.xcassets in Resources */ = {isa = PBXBuildFile; fileRef = 30DF404A2A1F85FF00AF3A1C /* Assets.xcassets */; };
		30DF404E2A1F85FF00AF3A1C /* LaunchScreen.storyboard in Resources */ = {isa = PBXBuildFile; fileRef = 30DF404C2A1F85FF00AF3A1C /* LaunchScreen.storyboard */; };
		30DF40592A1F85FF00AF3A1C /* QuestionnaireTests.swift in Sources */ = {isa = PBXBuildFile; fileRef = 30DF40582A1F85FF00AF3A1C /* QuestionnaireTests.swift */; };
		30DF40632A1F85FF00AF3A1C /* QuestionnaireUITests.swift in Sources */ = {isa = PBXBuildFile; fileRef = 30DF40622A1F85FF00AF3A1C /* QuestionnaireUITests.swift */; };
		30DF40652A1F85FF00AF3A1C /* QuestionnaireUITestsLaunchTests.swift in Sources */ = {isa = PBXBuildFile; fileRef = 30DF40642A1F85FF00AF3A1C /* QuestionnaireUITestsLaunchTests.swift */; };
		30DF40772A1F864A00AF3A1C /* MainViewController.swift in Sources */ = {isa = PBXBuildFile; fileRef = 30DF40732A1F864A00AF3A1C /* MainViewController.swift */; };
		30DF40782A1F864A00AF3A1C /* MainViewModel.swift in Sources */ = {isa = PBXBuildFile; fileRef = 30DF40742A1F864A00AF3A1C /* MainViewModel.swift */; };
		30DF40792A1F864A00AF3A1C /* QuestionnaireDataProvider.swift in Sources */ = {isa = PBXBuildFile; fileRef = 30DF40752A1F864A00AF3A1C /* QuestionnaireDataProvider.swift */; };
		30DF407E2A1F8EAB00AF3A1C /* MainScreenAssembler.swift in Sources */ = {isa = PBXBuildFile; fileRef = 30DF407D2A1F8EAA00AF3A1C /* MainScreenAssembler.swift */; };
		30DF408B2A1F95B300AF3A1C /* Question.swift in Sources */ = {isa = PBXBuildFile; fileRef = 30DF408A2A1F95B300AF3A1C /* Question.swift */; };
		30DF40972A1F9CF800AF3A1C /* HasCellIdProtocol.swift in Sources */ = {isa = PBXBuildFile; fileRef = 30DF408D2A1F9CF800AF3A1C /* HasCellIdProtocol.swift */; };
		30DF40982A1F9CF800AF3A1C /* PlainCell.swift in Sources */ = {isa = PBXBuildFile; fileRef = 30DF408E2A1F9CF800AF3A1C /* PlainCell.swift */; };
		30DF409C2A1F9CF800AF3A1C /* RKTableView.swift in Sources */ = {isa = PBXBuildFile; fileRef = 30DF40922A1F9CF800AF3A1C /* RKTableView.swift */; };
		30DF409D2A1F9CF800AF3A1C /* RKTableViewSettings.swift in Sources */ = {isa = PBXBuildFile; fileRef = 30DF40932A1F9CF800AF3A1C /* RKTableViewSettings.swift */; };
		30DF409E2A1F9CF800AF3A1C /* UITableView+extension.swift in Sources */ = {isa = PBXBuildFile; fileRef = 30DF40942A1F9CF800AF3A1C /* UITableView+extension.swift */; };
		30DF409F2A1F9CF800AF3A1C /* RKTableViewCellProtocol.swift in Sources */ = {isa = PBXBuildFile; fileRef = 30DF40952A1F9CF800AF3A1C /* RKTableViewCellProtocol.swift */; };
		30DF40AD2A1FBB4C00AF3A1C /* TextFillingQuestionCell.swift in Sources */ = {isa = PBXBuildFile; fileRef = 30DF40AC2A1FBB4C00AF3A1C /* TextFillingQuestionCell.swift */; };
		30DF40AF2A1FBB5D00AF3A1C /* MultipleChoiceQuestionCell.swift in Sources */ = {isa = PBXBuildFile; fileRef = 30DF40AE2A1FBB5D00AF3A1C /* MultipleChoiceQuestionCell.swift */; };
		30DF40B22A1FD6F700AF3A1C /* SemanticImages.swift in Sources */ = {isa = PBXBuildFile; fileRef = 30DF40B12A1FD6F700AF3A1C /* SemanticImages.swift */; };
		30DF40B62A20BEA700AF3A1C /* Answer.swift in Sources */ = {isa = PBXBuildFile; fileRef = 30DF40B52A20BEA700AF3A1C /* Answer.swift */; };
		30DF40B82A20C51500AF3A1C /* SemanticStrings.swift in Sources */ = {isa = PBXBuildFile; fileRef = 30DF40B72A20C51500AF3A1C /* SemanticStrings.swift */; };
/* End PBXBuildFile section */

/* Begin PBXContainerItemProxy section */
		30DF40552A1F85FF00AF3A1C /* PBXContainerItemProxy */ = {
			isa = PBXContainerItemProxy;
			containerPortal = 30DF40332A1F85FE00AF3A1C /* Project object */;
			proxyType = 1;
			remoteGlobalIDString = 30DF403A2A1F85FE00AF3A1C;
			remoteInfo = Questionnaire;
		};
		30DF405F2A1F85FF00AF3A1C /* PBXContainerItemProxy */ = {
			isa = PBXContainerItemProxy;
			containerPortal = 30DF40332A1F85FE00AF3A1C /* Project object */;
			proxyType = 1;
			remoteGlobalIDString = 30DF403A2A1F85FE00AF3A1C;
			remoteInfo = Questionnaire;
		};
/* End PBXContainerItemProxy section */

/* Begin PBXFileReference section */
		30B6BB232A21149400FE1F0F /* NetworkService.swift */ = {isa = PBXFileReference; lastKnownFileType = sourcecode.swift; path = NetworkService.swift; sourceTree = "<group>"; };
		30B6BB252A21164400FE1F0F /* Constants.swift */ = {isa = PBXFileReference; lastKnownFileType = sourcecode.swift; path = Constants.swift; sourceTree = "<group>"; };
		30B6BB272A2119D900FE1F0F /* CustomError.swift */ = {isa = PBXFileReference; lastKnownFileType = sourcecode.swift; path = CustomError.swift; sourceTree = "<group>"; };
		30B6BB292A221E6100FE1F0F /* HeaderCell.swift */ = {isa = PBXFileReference; lastKnownFileType = sourcecode.swift; path = HeaderCell.swift; sourceTree = "<group>"; };
		30B6BB312A22291700FE1F0F /* TopCornerRoundedUIView.swift */ = {isa = PBXFileReference; lastKnownFileType = sourcecode.swift; path = TopCornerRoundedUIView.swift; sourceTree = "<group>"; };
		30B6BB332A222F5700FE1F0F /* UIFont+extension.swift */ = {isa = PBXFileReference; fileEncoding = 4; lastKnownFileType = sourcecode.swift; path = "UIFont+extension.swift"; sourceTree = "<group>"; };
		30B6BB352A2231E200FE1F0F /* UIColor+Extension.swift */ = {isa = PBXFileReference; fileEncoding = 4; lastKnownFileType = sourcecode.swift; path = "UIColor+Extension.swift"; sourceTree = "<group>"; };
		30DF403B2A1F85FE00AF3A1C /* Questionnaire.app */ = {isa = PBXFileReference; explicitFileType = wrapper.application; includeInIndex = 0; path = Questionnaire.app; sourceTree = BUILT_PRODUCTS_DIR; };
		30DF403E2A1F85FE00AF3A1C /* AppDelegate.swift */ = {isa = PBXFileReference; lastKnownFileType = sourcecode.swift; path = AppDelegate.swift; sourceTree = "<group>"; };
		30DF40402A1F85FE00AF3A1C /* SceneDelegate.swift */ = {isa = PBXFileReference; lastKnownFileType = sourcecode.swift; path = SceneDelegate.swift; sourceTree = "<group>"; };
		30DF40422A1F85FE00AF3A1C /* ViewController.swift */ = {isa = PBXFileReference; lastKnownFileType = sourcecode.swift; path = ViewController.swift; sourceTree = "<group>"; };
		30DF40482A1F85FE00AF3A1C /* Questionnaire.xcdatamodel */ = {isa = PBXFileReference; lastKnownFileType = wrapper.xcdatamodel; path = Questionnaire.xcdatamodel; sourceTree = "<group>"; };
		30DF404A2A1F85FF00AF3A1C /* Assets.xcassets */ = {isa = PBXFileReference; lastKnownFileType = folder.assetcatalog; path = Assets.xcassets; sourceTree = "<group>"; };
		30DF404D2A1F85FF00AF3A1C /* Base */ = {isa = PBXFileReference; lastKnownFileType = file.storyboard; name = Base; path = Base.lproj/LaunchScreen.storyboard; sourceTree = "<group>"; };
		30DF404F2A1F85FF00AF3A1C /* Info.plist */ = {isa = PBXFileReference; lastKnownFileType = text.plist.xml; path = Info.plist; sourceTree = "<group>"; };
		30DF40542A1F85FF00AF3A1C /* QuestionnaireTests.xctest */ = {isa = PBXFileReference; explicitFileType = wrapper.cfbundle; includeInIndex = 0; path = QuestionnaireTests.xctest; sourceTree = BUILT_PRODUCTS_DIR; };
		30DF40582A1F85FF00AF3A1C /* QuestionnaireTests.swift */ = {isa = PBXFileReference; lastKnownFileType = sourcecode.swift; path = QuestionnaireTests.swift; sourceTree = "<group>"; };
		30DF405E2A1F85FF00AF3A1C /* QuestionnaireUITests.xctest */ = {isa = PBXFileReference; explicitFileType = wrapper.cfbundle; includeInIndex = 0; path = QuestionnaireUITests.xctest; sourceTree = BUILT_PRODUCTS_DIR; };
		30DF40622A1F85FF00AF3A1C /* QuestionnaireUITests.swift */ = {isa = PBXFileReference; lastKnownFileType = sourcecode.swift; path = QuestionnaireUITests.swift; sourceTree = "<group>"; };
		30DF40642A1F85FF00AF3A1C /* QuestionnaireUITestsLaunchTests.swift */ = {isa = PBXFileReference; lastKnownFileType = sourcecode.swift; path = QuestionnaireUITestsLaunchTests.swift; sourceTree = "<group>"; };
		30DF40732A1F864A00AF3A1C /* MainViewController.swift */ = {isa = PBXFileReference; lastKnownFileType = sourcecode.swift; name = MainViewController.swift; path = Questionnaire/MainViewController.swift; sourceTree = "<group>"; };
		30DF40742A1F864A00AF3A1C /* MainViewModel.swift */ = {isa = PBXFileReference; lastKnownFileType = sourcecode.swift; name = MainViewModel.swift; path = Questionnaire/MainViewModel.swift; sourceTree = "<group>"; };
		30DF40752A1F864A00AF3A1C /* QuestionnaireDataProvider.swift */ = {isa = PBXFileReference; lastKnownFileType = sourcecode.swift; name = QuestionnaireDataProvider.swift; path = Questionnaire/QuestionnaireDataProvider.swift; sourceTree = "<group>"; };
		30DF407D2A1F8EAA00AF3A1C /* MainScreenAssembler.swift */ = {isa = PBXFileReference; lastKnownFileType = sourcecode.swift; name = MainScreenAssembler.swift; path = Questionnaire/MainScreenAssembler.swift; sourceTree = "<group>"; };
		30DF408A2A1F95B300AF3A1C /* Question.swift */ = {isa = PBXFileReference; lastKnownFileType = sourcecode.swift; name = Question.swift; path = Questionnaire/Question.swift; sourceTree = "<group>"; };
		30DF408D2A1F9CF800AF3A1C /* HasCellIdProtocol.swift */ = {isa = PBXFileReference; fileEncoding = 4; lastKnownFileType = sourcecode.swift; name = HasCellIdProtocol.swift; path = Questionnaire/HasCellIdProtocol.swift; sourceTree = "<group>"; };
		30DF408E2A1F9CF800AF3A1C /* PlainCell.swift */ = {isa = PBXFileReference; fileEncoding = 4; lastKnownFileType = sourcecode.swift; name = PlainCell.swift; path = Questionnaire/PlainCell.swift; sourceTree = "<group>"; };
		30DF40922A1F9CF800AF3A1C /* RKTableView.swift */ = {isa = PBXFileReference; fileEncoding = 4; lastKnownFileType = sourcecode.swift; name = RKTableView.swift; path = Questionnaire/RKTableView.swift; sourceTree = "<group>"; };
		30DF40932A1F9CF800AF3A1C /* RKTableViewSettings.swift */ = {isa = PBXFileReference; fileEncoding = 4; lastKnownFileType = sourcecode.swift; name = RKTableViewSettings.swift; path = Questionnaire/RKTableViewSettings.swift; sourceTree = "<group>"; };
		30DF40942A1F9CF800AF3A1C /* UITableView+extension.swift */ = {isa = PBXFileReference; fileEncoding = 4; lastKnownFileType = sourcecode.swift; name = "UITableView+extension.swift"; path = "Questionnaire/UITableView+extension.swift"; sourceTree = "<group>"; };
		30DF40952A1F9CF800AF3A1C /* RKTableViewCellProtocol.swift */ = {isa = PBXFileReference; fileEncoding = 4; lastKnownFileType = sourcecode.swift; name = RKTableViewCellProtocol.swift; path = Questionnaire/RKTableViewCellProtocol.swift; sourceTree = "<group>"; };
		30DF40AC2A1FBB4C00AF3A1C /* TextFillingQuestionCell.swift */ = {isa = PBXFileReference; lastKnownFileType = sourcecode.swift; path = TextFillingQuestionCell.swift; sourceTree = "<group>"; };
		30DF40AE2A1FBB5D00AF3A1C /* MultipleChoiceQuestionCell.swift */ = {isa = PBXFileReference; lastKnownFileType = sourcecode.swift; path = MultipleChoiceQuestionCell.swift; sourceTree = "<group>"; };
		30DF40B12A1FD6F700AF3A1C /* SemanticImages.swift */ = {isa = PBXFileReference; fileEncoding = 4; lastKnownFileType = sourcecode.swift; path = SemanticImages.swift; sourceTree = "<group>"; };
		30DF40B52A20BEA700AF3A1C /* Answer.swift */ = {isa = PBXFileReference; lastKnownFileType = sourcecode.swift; path = Answer.swift; sourceTree = "<group>"; };
		30DF40B72A20C51500AF3A1C /* SemanticStrings.swift */ = {isa = PBXFileReference; lastKnownFileType = sourcecode.swift; path = SemanticStrings.swift; sourceTree = "<group>"; };
/* End PBXFileReference section */

/* Begin PBXFrameworksBuildPhase section */
		30DF40382A1F85FE00AF3A1C /* Frameworks */ = {
			isa = PBXFrameworksBuildPhase;
			buildActionMask = 2147483647;
			files = (
			);
			runOnlyForDeploymentPostprocessing = 0;
		};
		30DF40512A1F85FF00AF3A1C /* Frameworks */ = {
			isa = PBXFrameworksBuildPhase;
			buildActionMask = 2147483647;
			files = (
			);
			runOnlyForDeploymentPostprocessing = 0;
		};
		30DF405B2A1F85FF00AF3A1C /* Frameworks */ = {
			isa = PBXFrameworksBuildPhase;
			buildActionMask = 2147483647;
			files = (
			);
			runOnlyForDeploymentPostprocessing = 0;
		};
/* End PBXFrameworksBuildPhase section */

/* Begin PBXGroup section */
		30B6BB222A21148400FE1F0F /* Persistance */ = {
			isa = PBXGroup;
			children = (
				30DF40752A1F864A00AF3A1C /* QuestionnaireDataProvider.swift */,
				30B6BB232A21149400FE1F0F /* NetworkService.swift */,
				30B6BB272A2119D900FE1F0F /* CustomError.swift */,
			);
			name = Persistance;
			sourceTree = "<group>";
		};
		30B6BB302A22290900FE1F0F /* UIElements */ = {
			isa = PBXGroup;
			children = (
				30B6BB312A22291700FE1F0F /* TopCornerRoundedUIView.swift */,
			);
			name = UIElements;
			sourceTree = "<group>";
		};
		30DF40322A1F85FE00AF3A1C = {
			isa = PBXGroup;
			children = (
				30DF40712A1F861600AF3A1C /* Screens */,
				30DF403D2A1F85FE00AF3A1C /* Questionnaire */,
				30DF40572A1F85FF00AF3A1C /* QuestionnaireTests */,
				30DF40612A1F85FF00AF3A1C /* QuestionnaireUITests */,
				30DF403C2A1F85FE00AF3A1C /* Products */,
			);
			sourceTree = "<group>";
		};
		30DF403C2A1F85FE00AF3A1C /* Products */ = {
			isa = PBXGroup;
			children = (
				30DF403B2A1F85FE00AF3A1C /* Questionnaire.app */,
				30DF40542A1F85FF00AF3A1C /* QuestionnaireTests.xctest */,
				30DF405E2A1F85FF00AF3A1C /* QuestionnaireUITests.xctest */,
			);
			name = Products;
			sourceTree = "<group>";
		};
		30DF403D2A1F85FE00AF3A1C /* Questionnaire */ = {
			isa = PBXGroup;
			children = (
				30DF403E2A1F85FE00AF3A1C /* AppDelegate.swift */,
				30DF40402A1F85FE00AF3A1C /* SceneDelegate.swift */,
				30DF40422A1F85FE00AF3A1C /* ViewController.swift */,
				30DF404A2A1F85FF00AF3A1C /* Assets.xcassets */,
				30DF404C2A1F85FF00AF3A1C /* LaunchScreen.storyboard */,
				30DF404F2A1F85FF00AF3A1C /* Info.plist */,
				30DF40472A1F85FE00AF3A1C /* Questionnaire.xcdatamodeld */,
			);
			path = Questionnaire;
			sourceTree = "<group>";
		};
		30DF40572A1F85FF00AF3A1C /* QuestionnaireTests */ = {
			isa = PBXGroup;
			children = (
				30DF40582A1F85FF00AF3A1C /* QuestionnaireTests.swift */,
			);
			path = QuestionnaireTests;
			sourceTree = "<group>";
		};
		30DF40612A1F85FF00AF3A1C /* QuestionnaireUITests */ = {
			isa = PBXGroup;
			children = (
				30DF40622A1F85FF00AF3A1C /* QuestionnaireUITests.swift */,
				30DF40642A1F85FF00AF3A1C /* QuestionnaireUITestsLaunchTests.swift */,
			);
			path = QuestionnaireUITests;
			sourceTree = "<group>";
		};
		30DF40712A1F861600AF3A1C /* Screens */ = {
			isa = PBXGroup;
			children = (
				30B6BB252A21164400FE1F0F /* Constants.swift */,
				30DF40B12A1FD6F700AF3A1C /* SemanticImages.swift */,
				30DF40B72A20C51500AF3A1C /* SemanticStrings.swift */,
				30DF40802A1F93B000AF3A1C /* RKHelpers */,
				30B6BB222A21148400FE1F0F /* Persistance */,
				30DF40722A1F862D00AF3A1C /* Main */,
			);
			name = Screens;
			sourceTree = "<group>";
		};
		30DF40722A1F862D00AF3A1C /* Main */ = {
			isa = PBXGroup;
			children = (
				30DF40B02A1FBB6500AF3A1C /* Cells */,
				30DF40892A1F959000AF3A1C /* Model */,
				30DF40732A1F864A00AF3A1C /* MainViewController.swift */,
				30DF40742A1F864A00AF3A1C /* MainViewModel.swift */,
				30DF407D2A1F8EAA00AF3A1C /* MainScreenAssembler.swift */,
			);
			name = Main;
			sourceTree = "<group>";
		};
		30DF40802A1F93B000AF3A1C /* RKHelpers */ = {
			isa = PBXGroup;
			children = (
				30B6BB302A22290900FE1F0F /* UIElements */,
				30DF40A92A1F9F5100AF3A1C /* RKTable */,
				30DF40A82A1F9F3F00AF3A1C /* Extensions */,
			);
			name = RKHelpers;
			sourceTree = "<group>";
		};
		30DF40892A1F959000AF3A1C /* Model */ = {
			isa = PBXGroup;
			children = (
				30DF408A2A1F95B300AF3A1C /* Question.swift */,
				30DF40B52A20BEA700AF3A1C /* Answer.swift */,
			);
			name = Model;
			sourceTree = "<group>";
		};
		30DF40A82A1F9F3F00AF3A1C /* Extensions */ = {
			isa = PBXGroup;
			children = (
				30B6BB332A222F5700FE1F0F /* UIFont+extension.swift */,
				30DF40942A1F9CF800AF3A1C /* UITableView+extension.swift */,
				30B6BB352A2231E200FE1F0F /* UIColor+Extension.swift */,
			);
			name = Extensions;
			sourceTree = "<group>";
		};
		30DF40A92A1F9F5100AF3A1C /* RKTable */ = {
			isa = PBXGroup;
			children = (
				30DF40AA2A1F9F6D00AF3A1C /* Cells */,
				30DF40922A1F9CF800AF3A1C /* RKTableView.swift */,
				30DF40952A1F9CF800AF3A1C /* RKTableViewCellProtocol.swift */,
				30DF40932A1F9CF800AF3A1C /* RKTableViewSettings.swift */,
				30DF408D2A1F9CF800AF3A1C /* HasCellIdProtocol.swift */,
			);
			name = RKTable;
			sourceTree = "<group>";
		};
		30DF40AA2A1F9F6D00AF3A1C /* Cells */ = {
			isa = PBXGroup;
			children = (
				30DF408E2A1F9CF800AF3A1C /* PlainCell.swift */,
			);
			name = Cells;
			sourceTree = "<group>";
		};
		30DF40B02A1FBB6500AF3A1C /* Cells */ = {
			isa = PBXGroup;
			children = (
				30B6BB292A221E6100FE1F0F /* HeaderCell.swift */,
				30DF40AC2A1FBB4C00AF3A1C /* TextFillingQuestionCell.swift */,
				30DF40AE2A1FBB5D00AF3A1C /* MultipleChoiceQuestionCell.swift */,
			);
			name = Cells;
			sourceTree = "<group>";
		};
/* End PBXGroup section */

/* Begin PBXNativeTarget section */
		30DF403A2A1F85FE00AF3A1C /* Questionnaire */ = {
			isa = PBXNativeTarget;
			buildConfigurationList = 30DF40682A1F85FF00AF3A1C /* Build configuration list for PBXNativeTarget "Questionnaire" */;
			buildPhases = (
				30DF40372A1F85FE00AF3A1C /* Sources */,
				30DF40382A1F85FE00AF3A1C /* Frameworks */,
				30DF40392A1F85FE00AF3A1C /* Resources */,
			);
			buildRules = (
			);
			dependencies = (
			);
			name = Questionnaire;
			productName = Questionnaire;
			productReference = 30DF403B2A1F85FE00AF3A1C /* Questionnaire.app */;
			productType = "com.apple.product-type.application";
		};
		30DF40532A1F85FF00AF3A1C /* QuestionnaireTests */ = {
			isa = PBXNativeTarget;
			buildConfigurationList = 30DF406B2A1F85FF00AF3A1C /* Build configuration list for PBXNativeTarget "QuestionnaireTests" */;
			buildPhases = (
				30DF40502A1F85FF00AF3A1C /* Sources */,
				30DF40512A1F85FF00AF3A1C /* Frameworks */,
				30DF40522A1F85FF00AF3A1C /* Resources */,
			);
			buildRules = (
			);
			dependencies = (
				30DF40562A1F85FF00AF3A1C /* PBXTargetDependency */,
			);
			name = QuestionnaireTests;
			productName = QuestionnaireTests;
			productReference = 30DF40542A1F85FF00AF3A1C /* QuestionnaireTests.xctest */;
			productType = "com.apple.product-type.bundle.unit-test";
		};
		30DF405D2A1F85FF00AF3A1C /* QuestionnaireUITests */ = {
			isa = PBXNativeTarget;
			buildConfigurationList = 30DF406E2A1F85FF00AF3A1C /* Build configuration list for PBXNativeTarget "QuestionnaireUITests" */;
			buildPhases = (
				30DF405A2A1F85FF00AF3A1C /* Sources */,
				30DF405B2A1F85FF00AF3A1C /* Frameworks */,
				30DF405C2A1F85FF00AF3A1C /* Resources */,
			);
			buildRules = (
			);
			dependencies = (
				30DF40602A1F85FF00AF3A1C /* PBXTargetDependency */,
			);
			name = QuestionnaireUITests;
			productName = QuestionnaireUITests;
			productReference = 30DF405E2A1F85FF00AF3A1C /* QuestionnaireUITests.xctest */;
			productType = "com.apple.product-type.bundle.ui-testing";
		};
/* End PBXNativeTarget section */

/* Begin PBXProject section */
		30DF40332A1F85FE00AF3A1C /* Project object */ = {
			isa = PBXProject;
			attributes = {
				BuildIndependentTargetsInParallel = 1;
				LastSwiftUpdateCheck = 1430;
				LastUpgradeCheck = 1430;
				TargetAttributes = {
					30DF403A2A1F85FE00AF3A1C = {
						CreatedOnToolsVersion = 14.3;
					};
					30DF40532A1F85FF00AF3A1C = {
						CreatedOnToolsVersion = 14.3;
						TestTargetID = 30DF403A2A1F85FE00AF3A1C;
					};
					30DF405D2A1F85FF00AF3A1C = {
						CreatedOnToolsVersion = 14.3;
						TestTargetID = 30DF403A2A1F85FE00AF3A1C;
					};
				};
			};
			buildConfigurationList = 30DF40362A1F85FE00AF3A1C /* Build configuration list for PBXProject "Questionnaire" */;
			compatibilityVersion = "Xcode 14.0";
			developmentRegion = en;
			hasScannedForEncodings = 0;
			knownRegions = (
				en,
				Base,
			);
			mainGroup = 30DF40322A1F85FE00AF3A1C;
			productRefGroup = 30DF403C2A1F85FE00AF3A1C /* Products */;
			projectDirPath = "";
			projectRoot = "";
			targets = (
				30DF403A2A1F85FE00AF3A1C /* Questionnaire */,
				30DF40532A1F85FF00AF3A1C /* QuestionnaireTests */,
				30DF405D2A1F85FF00AF3A1C /* QuestionnaireUITests */,
			);
		};
/* End PBXProject section */

/* Begin PBXResourcesBuildPhase section */
		30DF40392A1F85FE00AF3A1C /* Resources */ = {
			isa = PBXResourcesBuildPhase;
			buildActionMask = 2147483647;
			files = (
				30DF404E2A1F85FF00AF3A1C /* LaunchScreen.storyboard in Resources */,
				30DF404B2A1F85FF00AF3A1C /* Assets.xcassets in Resources */,
			);
			runOnlyForDeploymentPostprocessing = 0;
		};
		30DF40522A1F85FF00AF3A1C /* Resources */ = {
			isa = PBXResourcesBuildPhase;
			buildActionMask = 2147483647;
			files = (
			);
			runOnlyForDeploymentPostprocessing = 0;
		};
		30DF405C2A1F85FF00AF3A1C /* Resources */ = {
			isa = PBXResourcesBuildPhase;
			buildActionMask = 2147483647;
			files = (
			);
			runOnlyForDeploymentPostprocessing = 0;
		};
/* End PBXResourcesBuildPhase section */

/* Begin PBXSourcesBuildPhase section */
		30DF40372A1F85FE00AF3A1C /* Sources */ = {
			isa = PBXSourcesBuildPhase;
			buildActionMask = 2147483647;
			files = (
				30B6BB282A2119D900FE1F0F /* CustomError.swift in Sources */,
				30DF40432A1F85FE00AF3A1C /* ViewController.swift in Sources */,
				30DF407E2A1F8EAB00AF3A1C /* MainScreenAssembler.swift in Sources */,
				30B6BB362A2231E200FE1F0F /* UIColor+Extension.swift in Sources */,
				30B6BB242A21149400FE1F0F /* NetworkService.swift in Sources */,
				30B6BB2A2A221E6100FE1F0F /* HeaderCell.swift in Sources */,
				30DF409C2A1F9CF800AF3A1C /* RKTableView.swift in Sources */,
				30DF40AF2A1FBB5D00AF3A1C /* MultipleChoiceQuestionCell.swift in Sources */,
				30DF408B2A1F95B300AF3A1C /* Question.swift in Sources */,
				30DF40492A1F85FE00AF3A1C /* Questionnaire.xcdatamodeld in Sources */,
				30DF409D2A1F9CF800AF3A1C /* RKTableViewSettings.swift in Sources */,
				30DF40B62A20BEA700AF3A1C /* Answer.swift in Sources */,
				30DF40B22A1FD6F700AF3A1C /* SemanticImages.swift in Sources */,
				30DF40B82A20C51500AF3A1C /* SemanticStrings.swift in Sources */,
				30DF403F2A1F85FE00AF3A1C /* AppDelegate.swift in Sources */,
				30DF409E2A1F9CF800AF3A1C /* UITableView+extension.swift in Sources */,
				30DF40772A1F864A00AF3A1C /* MainViewController.swift in Sources */,
				30B6BB342A222F5700FE1F0F /* UIFont+extension.swift in Sources */,
				30B6BB322A22291700FE1F0F /* TopCornerRoundedUIView.swift in Sources */,
				30DF40412A1F85FE00AF3A1C /* SceneDelegate.swift in Sources */,
				30DF40AD2A1FBB4C00AF3A1C /* TextFillingQuestionCell.swift in Sources */,
				30DF40792A1F864A00AF3A1C /* QuestionnaireDataProvider.swift in Sources */,
				30DF40972A1F9CF800AF3A1C /* HasCellIdProtocol.swift in Sources */,
				30DF409F2A1F9CF800AF3A1C /* RKTableViewCellProtocol.swift in Sources */,
				30DF40782A1F864A00AF3A1C /* MainViewModel.swift in Sources */,
				30DF40982A1F9CF800AF3A1C /* PlainCell.swift in Sources */,
				30B6BB262A21164400FE1F0F /* Constants.swift in Sources */,
			);
			runOnlyForDeploymentPostprocessing = 0;
		};
		30DF40502A1F85FF00AF3A1C /* Sources */ = {
			isa = PBXSourcesBuildPhase;
			buildActionMask = 2147483647;
			files = (
				30DF40592A1F85FF00AF3A1C /* QuestionnaireTests.swift in Sources */,
			);
			runOnlyForDeploymentPostprocessing = 0;
		};
		30DF405A2A1F85FF00AF3A1C /* Sources */ = {
			isa = PBXSourcesBuildPhase;
			buildActionMask = 2147483647;
			files = (
				30DF40652A1F85FF00AF3A1C /* QuestionnaireUITestsLaunchTests.swift in Sources */,
				30DF40632A1F85FF00AF3A1C /* QuestionnaireUITests.swift in Sources */,
			);
			runOnlyForDeploymentPostprocessing = 0;
		};
/* End PBXSourcesBuildPhase section */

/* Begin PBXTargetDependency section */
		30DF40562A1F85FF00AF3A1C /* PBXTargetDependency */ = {
			isa = PBXTargetDependency;
			target = 30DF403A2A1F85FE00AF3A1C /* Questionnaire */;
			targetProxy = 30DF40552A1F85FF00AF3A1C /* PBXContainerItemProxy */;
		};
		30DF40602A1F85FF00AF3A1C /* PBXTargetDependency */ = {
			isa = PBXTargetDependency;
			target = 30DF403A2A1F85FE00AF3A1C /* Questionnaire */;
			targetProxy = 30DF405F2A1F85FF00AF3A1C /* PBXContainerItemProxy */;
		};
/* End PBXTargetDependency section */

/* Begin PBXVariantGroup section */
		30DF404C2A1F85FF00AF3A1C /* LaunchScreen.storyboard */ = {
			isa = PBXVariantGroup;
			children = (
				30DF404D2A1F85FF00AF3A1C /* Base */,
			);
			name = LaunchScreen.storyboard;
			sourceTree = "<group>";
		};
/* End PBXVariantGroup section */

/* Begin XCBuildConfiguration section */
		30DF40662A1F85FF00AF3A1C /* Debug */ = {
			isa = XCBuildConfiguration;
			buildSettings = {
				ALWAYS_SEARCH_USER_PATHS = NO;
				CLANG_ANALYZER_NONNULL = YES;
				CLANG_ANALYZER_NUMBER_OBJECT_CONVERSION = YES_AGGRESSIVE;
				CLANG_CXX_LANGUAGE_STANDARD = "gnu++20";
				CLANG_ENABLE_MODULES = YES;
				CLANG_ENABLE_OBJC_ARC = YES;
				CLANG_ENABLE_OBJC_WEAK = YES;
				CLANG_WARN_BLOCK_CAPTURE_AUTORELEASING = YES;
				CLANG_WARN_BOOL_CONVERSION = YES;
				CLANG_WARN_COMMA = YES;
				CLANG_WARN_CONSTANT_CONVERSION = YES;
				CLANG_WARN_DEPRECATED_OBJC_IMPLEMENTATIONS = YES;
				CLANG_WARN_DIRECT_OBJC_ISA_USAGE = YES_ERROR;
				CLANG_WARN_DOCUMENTATION_COMMENTS = YES;
				CLANG_WARN_EMPTY_BODY = YES;
				CLANG_WARN_ENUM_CONVERSION = YES;
				CLANG_WARN_INFINITE_RECURSION = YES;
				CLANG_WARN_INT_CONVERSION = YES;
				CLANG_WARN_NON_LITERAL_NULL_CONVERSION = YES;
				CLANG_WARN_OBJC_IMPLICIT_RETAIN_SELF = YES;
				CLANG_WARN_OBJC_LITERAL_CONVERSION = YES;
				CLANG_WARN_OBJC_ROOT_CLASS = YES_ERROR;
				CLANG_WARN_QUOTED_INCLUDE_IN_FRAMEWORK_HEADER = YES;
				CLANG_WARN_RANGE_LOOP_ANALYSIS = YES;
				CLANG_WARN_STRICT_PROTOTYPES = YES;
				CLANG_WARN_SUSPICIOUS_MOVE = YES;
				CLANG_WARN_UNGUARDED_AVAILABILITY = YES_AGGRESSIVE;
				CLANG_WARN_UNREACHABLE_CODE = YES;
				CLANG_WARN__DUPLICATE_METHOD_MATCH = YES;
				COPY_PHASE_STRIP = NO;
				DEBUG_INFORMATION_FORMAT = dwarf;
				ENABLE_STRICT_OBJC_MSGSEND = YES;
				ENABLE_TESTABILITY = YES;
				GCC_C_LANGUAGE_STANDARD = gnu11;
				GCC_DYNAMIC_NO_PIC = NO;
				GCC_NO_COMMON_BLOCKS = YES;
				GCC_OPTIMIZATION_LEVEL = 0;
				GCC_PREPROCESSOR_DEFINITIONS = (
					"DEBUG=1",
					"$(inherited)",
				);
				GCC_WARN_64_TO_32_BIT_CONVERSION = YES;
				GCC_WARN_ABOUT_RETURN_TYPE = YES_ERROR;
				GCC_WARN_UNDECLARED_SELECTOR = YES;
				GCC_WARN_UNINITIALIZED_AUTOS = YES_AGGRESSIVE;
				GCC_WARN_UNUSED_FUNCTION = YES;
				GCC_WARN_UNUSED_VARIABLE = YES;
				IPHONEOS_DEPLOYMENT_TARGET = 16.4;
				MTL_ENABLE_DEBUG_INFO = INCLUDE_SOURCE;
				MTL_FAST_MATH = YES;
				ONLY_ACTIVE_ARCH = YES;
				SDKROOT = iphoneos;
				SWIFT_ACTIVE_COMPILATION_CONDITIONS = DEBUG;
				SWIFT_OPTIMIZATION_LEVEL = "-Onone";
			};
			name = Debug;
		};
		30DF40672A1F85FF00AF3A1C /* Release */ = {
			isa = XCBuildConfiguration;
			buildSettings = {
				ALWAYS_SEARCH_USER_PATHS = NO;
				CLANG_ANALYZER_NONNULL = YES;
				CLANG_ANALYZER_NUMBER_OBJECT_CONVERSION = YES_AGGRESSIVE;
				CLANG_CXX_LANGUAGE_STANDARD = "gnu++20";
				CLANG_ENABLE_MODULES = YES;
				CLANG_ENABLE_OBJC_ARC = YES;
				CLANG_ENABLE_OBJC_WEAK = YES;
				CLANG_WARN_BLOCK_CAPTURE_AUTORELEASING = YES;
				CLANG_WARN_BOOL_CONVERSION = YES;
				CLANG_WARN_COMMA = YES;
				CLANG_WARN_CONSTANT_CONVERSION = YES;
				CLANG_WARN_DEPRECATED_OBJC_IMPLEMENTATIONS = YES;
				CLANG_WARN_DIRECT_OBJC_ISA_USAGE = YES_ERROR;
				CLANG_WARN_DOCUMENTATION_COMMENTS = YES;
				CLANG_WARN_EMPTY_BODY = YES;
				CLANG_WARN_ENUM_CONVERSION = YES;
				CLANG_WARN_INFINITE_RECURSION = YES;
				CLANG_WARN_INT_CONVERSION = YES;
				CLANG_WARN_NON_LITERAL_NULL_CONVERSION = YES;
				CLANG_WARN_OBJC_IMPLICIT_RETAIN_SELF = YES;
				CLANG_WARN_OBJC_LITERAL_CONVERSION = YES;
				CLANG_WARN_OBJC_ROOT_CLASS = YES_ERROR;
				CLANG_WARN_QUOTED_INCLUDE_IN_FRAMEWORK_HEADER = YES;
				CLANG_WARN_RANGE_LOOP_ANALYSIS = YES;
				CLANG_WARN_STRICT_PROTOTYPES = YES;
				CLANG_WARN_SUSPICIOUS_MOVE = YES;
				CLANG_WARN_UNGUARDED_AVAILABILITY = YES_AGGRESSIVE;
				CLANG_WARN_UNREACHABLE_CODE = YES;
				CLANG_WARN__DUPLICATE_METHOD_MATCH = YES;
				COPY_PHASE_STRIP = NO;
				DEBUG_INFORMATION_FORMAT = "dwarf-with-dsym";
				ENABLE_NS_ASSERTIONS = NO;
				ENABLE_STRICT_OBJC_MSGSEND = YES;
				GCC_C_LANGUAGE_STANDARD = gnu11;
				GCC_NO_COMMON_BLOCKS = YES;
				GCC_WARN_64_TO_32_BIT_CONVERSION = YES;
				GCC_WARN_ABOUT_RETURN_TYPE = YES_ERROR;
				GCC_WARN_UNDECLARED_SELECTOR = YES;
				GCC_WARN_UNINITIALIZED_AUTOS = YES_AGGRESSIVE;
				GCC_WARN_UNUSED_FUNCTION = YES;
				GCC_WARN_UNUSED_VARIABLE = YES;
				IPHONEOS_DEPLOYMENT_TARGET = 16.4;
				MTL_ENABLE_DEBUG_INFO = NO;
				MTL_FAST_MATH = YES;
				SDKROOT = iphoneos;
				SWIFT_COMPILATION_MODE = wholemodule;
				SWIFT_OPTIMIZATION_LEVEL = "-O";
				VALIDATE_PRODUCT = YES;
			};
			name = Release;
		};
		30DF40692A1F85FF00AF3A1C /* Debug */ = {
			isa = XCBuildConfiguration;
			buildSettings = {
				ASSETCATALOG_COMPILER_APPICON_NAME = AppIcon;
				ASSETCATALOG_COMPILER_GLOBAL_ACCENT_COLOR_NAME = AccentColor;
				CODE_SIGN_STYLE = Automatic;
				CURRENT_PROJECT_VERSION = 1;
				DEVELOPMENT_TEAM = 3J2G795UGG;
				GENERATE_INFOPLIST_FILE = YES;
				INFOPLIST_FILE = Questionnaire/Info.plist;
				INFOPLIST_KEY_UIApplicationSupportsIndirectInputEvents = YES;
				INFOPLIST_KEY_UILaunchStoryboardName = LaunchScreen;
				INFOPLIST_KEY_UISupportedInterfaceOrientations_iPad = "UIInterfaceOrientationPortrait UIInterfaceOrientationPortraitUpsideDown UIInterfaceOrientationLandscapeLeft UIInterfaceOrientationLandscapeRight";
				INFOPLIST_KEY_UISupportedInterfaceOrientations_iPhone = "UIInterfaceOrientationPortrait UIInterfaceOrientationLandscapeLeft UIInterfaceOrientationLandscapeRight";
				LD_RUNPATH_SEARCH_PATHS = (
					"$(inherited)",
					"@executable_path/Frameworks",
				);
				MARKETING_VERSION = 1.0;
				PRODUCT_BUNDLE_IDENTIFIER = RK.Questionnaire;
				PRODUCT_NAME = "$(TARGET_NAME)";
				SWIFT_EMIT_LOC_STRINGS = YES;
				SWIFT_VERSION = 5.0;
				TARGETED_DEVICE_FAMILY = "1,2";
			};
			name = Debug;
		};
		30DF406A2A1F85FF00AF3A1C /* Release */ = {
			isa = XCBuildConfiguration;
			buildSettings = {
				ASSETCATALOG_COMPILER_APPICON_NAME = AppIcon;
				ASSETCATALOG_COMPILER_GLOBAL_ACCENT_COLOR_NAME = AccentColor;
				CODE_SIGN_STYLE = Automatic;
				CURRENT_PROJECT_VERSION = 1;
				DEVELOPMENT_TEAM = 3J2G795UGG;
				GENERATE_INFOPLIST_FILE = YES;
				INFOPLIST_FILE = Questionnaire/Info.plist;
				INFOPLIST_KEY_UIApplicationSupportsIndirectInputEvents = YES;
				INFOPLIST_KEY_UILaunchStoryboardName = LaunchScreen;
				INFOPLIST_KEY_UISupportedInterfaceOrientations_iPad = "UIInterfaceOrientationPortrait UIInterfaceOrientationPortraitUpsideDown UIInterfaceOrientationLandscapeLeft UIInterfaceOrientationLandscapeRight";
				INFOPLIST_KEY_UISupportedInterfaceOrientations_iPhone = "UIInterfaceOrientationPortrait UIInterfaceOrientationLandscapeLeft UIInterfaceOrientationLandscapeRight";
				LD_RUNPATH_SEARCH_PATHS = (
					"$(inherited)",
					"@executable_path/Frameworks",
				);
				MARKETING_VERSION = 1.0;
				PRODUCT_BUNDLE_IDENTIFIER = RK.Questionnaire;
				PRODUCT_NAME = "$(TARGET_NAME)";
				SWIFT_EMIT_LOC_STRINGS = YES;
				SWIFT_VERSION = 5.0;
				TARGETED_DEVICE_FAMILY = "1,2";
			};
			name = Release;
		};
		30DF406C2A1F85FF00AF3A1C /* Debug */ = {
			isa = XCBuildConfiguration;
			buildSettings = {
				ALWAYS_EMBED_SWIFT_STANDARD_LIBRARIES = YES;
				BUNDLE_LOADER = "$(TEST_HOST)";
				CODE_SIGN_STYLE = Automatic;
				CURRENT_PROJECT_VERSION = 1;
				DEVELOPMENT_TEAM = 3J2G795UGG;
				GENERATE_INFOPLIST_FILE = YES;
				IPHONEOS_DEPLOYMENT_TARGET = 16.4;
				MARKETING_VERSION = 1.0;
				PRODUCT_BUNDLE_IDENTIFIER = RK.QuestionnaireTests;
				PRODUCT_NAME = "$(TARGET_NAME)";
				SWIFT_EMIT_LOC_STRINGS = NO;
				SWIFT_VERSION = 5.0;
				TARGETED_DEVICE_FAMILY = "1,2";
				TEST_HOST = "$(BUILT_PRODUCTS_DIR)/Questionnaire.app/$(BUNDLE_EXECUTABLE_FOLDER_PATH)/Questionnaire";
			};
			name = Debug;
		};
		30DF406D2A1F85FF00AF3A1C /* Release */ = {
			isa = XCBuildConfiguration;
			buildSettings = {
				ALWAYS_EMBED_SWIFT_STANDARD_LIBRARIES = YES;
				BUNDLE_LOADER = "$(TEST_HOST)";
				CODE_SIGN_STYLE = Automatic;
				CURRENT_PROJECT_VERSION = 1;
				DEVELOPMENT_TEAM = 3J2G795UGG;
				GENERATE_INFOPLIST_FILE = YES;
				IPHONEOS_DEPLOYMENT_TARGET = 16.4;
				MARKETING_VERSION = 1.0;
				PRODUCT_BUNDLE_IDENTIFIER = RK.QuestionnaireTests;
				PRODUCT_NAME = "$(TARGET_NAME)";
				SWIFT_EMIT_LOC_STRINGS = NO;
				SWIFT_VERSION = 5.0;
				TARGETED_DEVICE_FAMILY = "1,2";
				TEST_HOST = "$(BUILT_PRODUCTS_DIR)/Questionnaire.app/$(BUNDLE_EXECUTABLE_FOLDER_PATH)/Questionnaire";
			};
			name = Release;
		};
		30DF406F2A1F85FF00AF3A1C /* Debug */ = {
			isa = XCBuildConfiguration;
			buildSettings = {
				ALWAYS_EMBED_SWIFT_STANDARD_LIBRARIES = YES;
				CODE_SIGN_STYLE = Automatic;
				CURRENT_PROJECT_VERSION = 1;
				DEVELOPMENT_TEAM = 3J2G795UGG;
				GENERATE_INFOPLIST_FILE = YES;
				MARKETING_VERSION = 1.0;
				PRODUCT_BUNDLE_IDENTIFIER = RK.QuestionnaireUITests;
				PRODUCT_NAME = "$(TARGET_NAME)";
				SWIFT_EMIT_LOC_STRINGS = NO;
				SWIFT_VERSION = 5.0;
				TARGETED_DEVICE_FAMILY = "1,2";
				TEST_TARGET_NAME = Questionnaire;
			};
			name = Debug;
		};
		30DF40702A1F85FF00AF3A1C /* Release */ = {
			isa = XCBuildConfiguration;
			buildSettings = {
				ALWAYS_EMBED_SWIFT_STANDARD_LIBRARIES = YES;
				CODE_SIGN_STYLE = Automatic;
				CURRENT_PROJECT_VERSION = 1;
				DEVELOPMENT_TEAM = 3J2G795UGG;
				GENERATE_INFOPLIST_FILE = YES;
				MARKETING_VERSION = 1.0;
				PRODUCT_BUNDLE_IDENTIFIER = RK.QuestionnaireUITests;
				PRODUCT_NAME = "$(TARGET_NAME)";
				SWIFT_EMIT_LOC_STRINGS = NO;
				SWIFT_VERSION = 5.0;
				TARGETED_DEVICE_FAMILY = "1,2";
				TEST_TARGET_NAME = Questionnaire;
			};
			name = Release;
		};
/* End XCBuildConfiguration section */

/* Begin XCConfigurationList section */
		30DF40362A1F85FE00AF3A1C /* Build configuration list for PBXProject "Questionnaire" */ = {
			isa = XCConfigurationList;
			buildConfigurations = (
				30DF40662A1F85FF00AF3A1C /* Debug */,
				30DF40672A1F85FF00AF3A1C /* Release */,
			);
			defaultConfigurationIsVisible = 0;
			defaultConfigurationName = Release;
		};
		30DF40682A1F85FF00AF3A1C /* Build configuration list for PBXNativeTarget "Questionnaire" */ = {
			isa = XCConfigurationList;
			buildConfigurations = (
				30DF40692A1F85FF00AF3A1C /* Debug */,
				30DF406A2A1F85FF00AF3A1C /* Release */,
			);
			defaultConfigurationIsVisible = 0;
			defaultConfigurationName = Release;
		};
		30DF406B2A1F85FF00AF3A1C /* Build configuration list for PBXNativeTarget "QuestionnaireTests" */ = {
			isa = XCConfigurationList;
			buildConfigurations = (
				30DF406C2A1F85FF00AF3A1C /* Debug */,
				30DF406D2A1F85FF00AF3A1C /* Release */,
			);
			defaultConfigurationIsVisible = 0;
			defaultConfigurationName = Release;
		};
		30DF406E2A1F85FF00AF3A1C /* Build configuration list for PBXNativeTarget "QuestionnaireUITests" */ = {
			isa = XCConfigurationList;
			buildConfigurations = (
				30DF406F2A1F85FF00AF3A1C /* Debug */,
				30DF40702A1F85FF00AF3A1C /* Release */,
			);
			defaultConfigurationIsVisible = 0;
			defaultConfigurationName = Release;
		};
/* End XCConfigurationList section */

/* Begin XCVersionGroup section */
		30DF40472A1F85FE00AF3A1C /* Questionnaire.xcdatamodeld */ = {
			isa = XCVersionGroup;
			children = (
				30DF40482A1F85FE00AF3A1C /* Questionnaire.xcdatamodel */,
			);
			currentVersion = 30DF40482A1F85FE00AF3A1C /* Questionnaire.xcdatamodel */;
			path = Questionnaire.xcdatamodeld;
			sourceTree = "<group>";
			versionGroupType = wrapper.xcdatamodel;
		};
/* End XCVersionGroup section */
	};
	rootObject = 30DF40332A1F85FE00AF3A1C /* Project object */;
}
